
Microsoft Visual Studio Solution File, Format Version 12.00
# Visual Studio Version 17
VisualStudioVersion = 17.9.34616.47
MinimumVisualStudioVersion = 10.0.40219.1
Project("{9A19103F-16F7-4668-BE54-9A1E7A4F7556}") = "HyperLocalMarket.Api", "Hyper_Local_Market\HyperLocalMarket.Api.csproj", "{1760CCF8-78E6-4CB4-A2D8-1A7C1968B698}"
EndProject
Project("{FAE04EC0-301F-11D3-BF4B-00C04F79EFBC}") = "HyperLocalMarket.Application", "HyperLocalMarket.Application\HyperLocalMarket.Application.csproj", "{5AF4766E-A622-4349-BE48-C051506BD79D}"
EndProject
Project("{FAE04EC0-301F-11D3-BF4B-00C04F79EFBC}") = "HyperLocalMarket.Domain", "HyperLocalMarket.Domain\HyperLocalMarket.Domain.csproj", "{253528DE-687B-4CFE-A18B-7708698948C5}"
EndProject
Project("{FAE04EC0-301F-11D3-BF4B-00C04F79EFBC}") = "HyperLocalMarket.Infrastructure", "HyperLocalMarket.Infrastructure\HyperLocalMarket.Infrastructure.csproj", "{EBA844E9-8931-4CBB-A581-DA4A036B983B}"
EndProject
Global
	GlobalSection(SolutionConfigurationPlatforms) = preSolution
		Debug|Any CPU = Debug|Any CPU
		Release|Any CPU = Release|Any CPU
	EndGlobalSection
	GlobalSection(ProjectConfigurationPlatforms) = postSolution
		{1760CCF8-78E6-4CB4-A2D8-1A7C1968B698}.Debug|Any CPU.ActiveCfg = Debug|Any CPU
		{1760CCF8-78E6-4CB4-A2D8-1A7C1968B698}.Debug|Any CPU.Build.0 = Debug|Any CPU
		{1760CCF8-78E6-4CB4-A2D8-1A7C1968B698}.Release|Any CPU.ActiveCfg = Release|Any CPU
		{1760CCF8-78E6-4CB4-A2D8-1A7C1968B698}.Release|Any CPU.Build.0 = Release|Any CPU
		{5AF4766E-A622-4349-BE48-C051506BD79D}.Debug|Any CPU.ActiveCfg = Debug|Any CPU
		{5AF4766E-A622-4349-BE48-C051506BD79D}.Debug|Any CPU.Build.0 = Debug|Any CPU
		{5AF4766E-A622-4349-BE48-C051506BD79D}.Release|Any CPU.ActiveCfg = Release|Any CPU
		{5AF4766E-A622-4349-BE48-C051506BD79D}.Release|Any CPU.Build.0 = Release|Any CPU
		{253528DE-687B-4CFE-A18B-7708698948C5}.Debug|Any CPU.ActiveCfg = Debug|Any CPU
		{253528DE-687B-4CFE-A18B-7708698948C5}.Debug|Any CPU.Build.0 = Debug|Any CPU
		{253528DE-687B-4CFE-A18B-7708698948C5}.Release|Any CPU.ActiveCfg = Release|Any CPU
		{253528DE-687B-4CFE-A18B-7708698948C5}.Release|Any CPU.Build.0 = Release|Any CPU
		{EBA844E9-8931-4CBB-A581-DA4A036B983B}.Debug|Any CPU.ActiveCfg = Debug|Any CPU
		{EBA844E9-8931-4CBB-A581-DA4A036B983B}.Debug|Any CPU.Build.0 = Debug|Any CPU
		{EBA844E9-8931-4CBB-A581-DA4A036B983B}.Release|Any CPU.ActiveCfg = Release|Any CPU
		{EBA844E9-8931-4CBB-A581-DA4A036B983B}.Release|Any CPU.Build.0 = Release|Any CPU
	EndGlobalSection
	GlobalSection(SolutionProperties) = preSolution
		HideSolutionNode = FALSE
	EndGlobalSection
	GlobalSection(ExtensibilityGlobals) = postSolution
		SolutionGuid = {2203B719-10EF-4464-8215-348383063324}
	EndGlobalSection
EndGlobal
